
Microsoft Visual Studio Solution File, Format Version 12.00
# Visual Studio Version 17
VisualStudioVersion = 17.4.33205.214
MinimumVisualStudioVersion = 10.0.40219.1
Project("{FAE04EC0-301F-11D3-BF4B-00C04F79EFBC}") = "CarPark.Repositories", "CarPark.Repositories\CarPark.Repositories.csproj", "{7321B239-097A-4361-9556-13FDF0495064}"
EndProject
Project("{FAE04EC0-301F-11D3-BF4B-00C04F79EFBC}") = "CarPark.Api", "CarPark.Api\CarPark.Api.csproj", "{80BA6A5A-8221-4117-85BF-E0FC04713022}"
EndProject
Project("{FAE04EC0-301F-11D3-BF4B-00C04F79EFBC}") = "CarPark.Services", "CarPark.Services\CarPark.Services.csproj", "{A9E887E0-3EF2-43B1-979B-FCA0C0C35BE5}"
EndProject
Project("{FAE04EC0-301F-11D3-BF4B-00C04F79EFBC}") = "CarPark.Repositories.MongoDB", "CarPark.Repositories.MongoDB\CarPark.Repositories.MongoDB.csproj", "{C9558A9E-A145-4133-A787-8001FD902550}"
EndProject
Global
	GlobalSection(SolutionConfigurationPlatforms) = preSolution
		Debug|Any CPU = Debug|Any CPU
		Release|Any CPU = Release|Any CPU
	EndGlobalSection
	GlobalSection(ProjectConfigurationPlatforms) = postSolution
		{7321B239-097A-4361-9556-13FDF0495064}.Debug|Any CPU.ActiveCfg = Debug|Any CPU
		{7321B239-097A-4361-9556-13FDF0495064}.Debug|Any CPU.Build.0 = Debug|Any CPU
		{7321B239-097A-4361-9556-13FDF0495064}.Release|Any CPU.ActiveCfg = Release|Any CPU
		{7321B239-097A-4361-9556-13FDF0495064}.Release|Any CPU.Build.0 = Release|Any CPU
		{80BA6A5A-8221-4117-85BF-E0FC04713022}.Debug|Any CPU.ActiveCfg = Debug|Any CPU
		{80BA6A5A-8221-4117-85BF-E0FC04713022}.Debug|Any CPU.Build.0 = Debug|Any CPU
		{80BA6A5A-8221-4117-85BF-E0FC04713022}.Release|Any CPU.ActiveCfg = Release|Any CPU
		{80BA6A5A-8221-4117-85BF-E0FC04713022}.Release|Any CPU.Build.0 = Release|Any CPU
		{A9E887E0-3EF2-43B1-979B-FCA0C0C35BE5}.Debug|Any CPU.ActiveCfg = Debug|Any CPU
		{A9E887E0-3EF2-43B1-979B-FCA0C0C35BE5}.Debug|Any CPU.Build.0 = Debug|Any CPU
		{A9E887E0-3EF2-43B1-979B-FCA0C0C35BE5}.Release|Any CPU.ActiveCfg = Release|Any CPU
		{A9E887E0-3EF2-43B1-979B-FCA0C0C35BE5}.Release|Any CPU.Build.0 = Release|Any CPU
		{C9558A9E-A145-4133-A787-8001FD902550}.Debug|Any CPU.ActiveCfg = Debug|Any CPU
		{C9558A9E-A145-4133-A787-8001FD902550}.Debug|Any CPU.Build.0 = Debug|Any CPU
		{C9558A9E-A145-4133-A787-8001FD902550}.Release|Any CPU.ActiveCfg = Release|Any CPU
		{C9558A9E-A145-4133-A787-8001FD902550}.Release|Any CPU.Build.0 = Release|Any CPU
	EndGlobalSection
	GlobalSection(SolutionProperties) = preSolution
		HideSolutionNode = FALSE
	EndGlobalSection
	GlobalSection(ExtensibilityGlobals) = postSolution
		SolutionGuid = {2B364BB8-31E9-49BF-86A3-A57F06108523}
	EndGlobalSection
EndGlobal
